
Microsoft Visual Studio Solution File, Format Version 12.00
# Visual Studio Version 17
VisualStudioVersion = 17.6.33815.320
MinimumVisualStudioVersion = 10.0.40219.1
Project("{FAE04EC0-301F-11D3-BF4B-00C04F79EFBC}") = "jsonToCstring", "jsonToCstring\jsonToCstring.csproj", "{BBF3FE97-B39A-4332-B979-7FD658435A39}"
EndProject
Global
	GlobalSection(SolutionConfigurationPlatforms) = preSolution
		Debug|Any CPU = Debug|Any CPU
		Release|Any CPU = Release|Any CPU
	EndGlobalSection
	GlobalSection(ProjectConfigurationPlatforms) = postSolution
		{BBF3FE97-B39A-4332-B979-7FD658435A39}.Debug|Any CPU.ActiveCfg = Debug|Any CPU
		{BBF3FE97-B39A-4332-B979-7FD658435A39}.Debug|Any CPU.Build.0 = Debug|Any CPU
		{BBF3FE97-B39A-4332-B979-7FD658435A39}.Release|Any CPU.ActiveCfg = Release|Any CPU
		{BBF3FE97-B39A-4332-B979-7FD658435A39}.Release|Any CPU.Build.0 = Release|Any CPU
	EndGlobalSection
	GlobalSection(SolutionProperties) = preSolution
		HideSolutionNode = FALSE
	EndGlobalSection
	GlobalSection(ExtensibilityGlobals) = postSolution
		SolutionGuid = {35251932-05D2-4989-9E84-0C3196960701}
	EndGlobalSection
EndGlobal
